
{
    "dependencies": [ 
    {
        "hash": "3058c123c01f008d5e498eac7bf5811d132eab70",
        "name": "Zefiros-Software/Armadillo",
        "tag": "master",
        "type": "library",
        "version": "@head"
    }, 
    {
        "hash": "aa39bc09c2d5994c6fb03f6a9774df51c89918a3",
        "name": "Zefiros-Software/PlotLib",
        "tag": "1.0.8",
        "type": "library",
        "version": "1.0.8"
    }, 
    {
        "hash": "5e7fd50e17b6edf1cadff973d0ec68966cf3265e",
        "name": "Zefiros-Software/GoogleTest",
        "tag": "master",
        "type": "library",
        "version": "@head"
    }],
    "name": "Zefiros-Software/BSPLib"
}