{
  "definition": "./",
  "optionals": [],
  "private": {
    "assets": [ {
      "definition": "https://github.com/Zefiros-Software/Zefiros-Mkdocs-Style.git",
      "hash": "4d543a49f499199210d5beff785e008c71ce4f36",
      "name": "Zefiros-Software/Zefiros-Mkdocs-Style",
      "repository": "https://github.com/Zefiros-Software/Zefiros-Mkdocs-Style.git",
      "tag": "1.0.2",
      "version": "1.0.2",
      "versionRequirement": "^1.0.0"
    } ],
    "modules": [ {
      "definition": "https://github.com/Zefiros-Software/ZefirosDefaults.git",
      "hash": "9ec8e43e7ca1d9eab61e4514a8741234c2b8232f",
      "name": "Zefiros-Software/Defaults",
      "public": {
        "libraries": [ {
          "definition": "https://github.com/Zefiros-Software/GoogleTest.git",
          "hash": "9557d29b7a5f3476ce024ae54410c997b9088f4a",
          "name": "Zefiros-Software/GoogleTest",
          "repository": "https://github.com/google/googletest.git",
          "tag": "HEAD",
          "versionRequirement": "@head || ^1.0.0"
        }, {
          "definition": "https://github.com/Zefiros-Software/GoogleBenchmark.git",
          "hash": "56f52ee228783547f544d9ac4a533574b9010e3f",
          "name": "Zefiros-Software/GoogleBenchmark",
          "repository": "https://github.com/google/benchmark.git",
          "tag": "HEAD",
          "versionRequirement": "@head"
        } ]
      },
      "repository": "https://github.com/Zefiros-Software/ZefirosDefaults.git",
      "tag": "HEAD",
      "versionRequirement": "@head"
    }, {
      "definition": "https://github.com/Zefiros-Software/Miniconda.git",
      "hash": "a72fd309fcdbd684a4f1bd9d4fd9e835562beea6",
      "name": "Zefiros-Software/Miniconda",
      "repository": "https://github.com/Zefiros-Software/Miniconda.git",
      "tag": "HEAD",
      "versionRequirement": "@head"
    } ]
  },
  "public": {
    "libraries": [ {
      "definition": "https://github.com/Zefiros-Software/PlotLib.git",
      "hash": "d22076c5d5fccfab61f4b18099a8a504e14110dc",
      "name": "Zefiros-Software/PlotLib",
      "optionals": {
        "libraries": [ {
          "name": "Zefiros-Software/Armadillo",
          "versionRequirement": "^7.800.0"
        } ]
      },
      "private": {
        "modules": [ {
          "definition": "https://github.com/Zefiros-Software/Miniconda.git",
          "hash": "a72fd309fcdbd684a4f1bd9d4fd9e835562beea6",
          "name": "Zefiros-Software/Miniconda",
          "repository": "https://github.com/Zefiros-Software/Miniconda.git",
          "tag": "HEAD",
          "versionRequirement": "@head"
        } ]
      },
      "repository": "https://github.com/Zefiros-Software/PlotLib.git",
      "tag": "2.0.2",
      "version": "2.0.2",
      "versionRequirement": "^2.0.0"
    }, {
      "definition": "https://github.com/Zefiros-Software/ArmadilloBuild.git",
      "hash": "e80d8a1642ff06371db57d964cd02be9752fcee3",
      "name": "Zefiros-Software/Armadillo",
      "optionals": {
        "libraries": [ {
          "name": "Zefiros-Software/MKL",
          "versionRequirement": "@head"
        } ]
      },
      "repository": "https://github.com/conradsnicta/armadillo-code.git",
      "tag": "8.300.x",
      "versionRequirement": "^8.300.0"
    } ]
  },
  "repository": "./"
}